
Microsoft Visual Studio Solution File, Format Version 10.00
# Visual Studio 2008
# SharpDevelop 3.2.0.5505
Project("{F184B08F-C81C-45F6-A57F-5ABD9991F28F}") = "Flashpoint Curator", "Flashpoint Curator.vbproj", "{02933DA8-D2D9-40D3-97B3-99DF283A6EAB}"
EndProject
Global
	GlobalSection(SolutionConfigurationPlatforms) = preSolution
		Debug|x86 = Debug|x86
		Release|x86 = Release|x86
	EndGlobalSection
	GlobalSection(ProjectConfigurationPlatforms) = postSolution
		{02933DA8-D2D9-40D3-97B3-99DF283A6EAB}.Debug|x86.Build.0 = Debug|x86
		{02933DA8-D2D9-40D3-97B3-99DF283A6EAB}.Debug|x86.ActiveCfg = Debug|x86
		{02933DA8-D2D9-40D3-97B3-99DF283A6EAB}.Release|x86.Build.0 = Release|x86
		{02933DA8-D2D9-40D3-97B3-99DF283A6EAB}.Release|x86.ActiveCfg = Release|x86
	EndGlobalSection
EndGlobal
